
Microsoft Visual Studio Solution File, Format Version 12.00
# Visual Studio Version 17
VisualStudioVersion = 17.1.31911.260
MinimumVisualStudioVersion = 10.0.40219.1
Project("{9A19103F-16F7-4668-BE54-9A1E7A4F7556}") = "OxygenLab.WPF", "OxygenLab.WPF\OxygenLab.WPF.csproj", "{A5A852B9-A78C-4D77-930C-AAAE8DDBC8E8}"
EndProject
Project("{9A19103F-16F7-4668-BE54-9A1E7A4F7556}") = "OxygenLab.Data", "OxygenLab.Data\OxygenLab.Data.csproj", "{61AA2CAE-623C-46B0-A774-72453958380A}"
EndProject
Global
	GlobalSection(SolutionConfigurationPlatforms) = preSolution
		Debug|Any CPU = Debug|Any CPU
		Release|Any CPU = Release|Any CPU
	EndGlobalSection
	GlobalSection(ProjectConfigurationPlatforms) = postSolution
		{A5A852B9-A78C-4D77-930C-AAAE8DDBC8E8}.Debug|Any CPU.ActiveCfg = Debug|Any CPU
		{A5A852B9-A78C-4D77-930C-AAAE8DDBC8E8}.Debug|Any CPU.Build.0 = Debug|Any CPU
		{A5A852B9-A78C-4D77-930C-AAAE8DDBC8E8}.Release|Any CPU.ActiveCfg = Release|Any CPU
		{A5A852B9-A78C-4D77-930C-AAAE8DDBC8E8}.Release|Any CPU.Build.0 = Release|Any CPU
		{61AA2CAE-623C-46B0-A774-72453958380A}.Debug|Any CPU.ActiveCfg = Debug|Any CPU
		{61AA2CAE-623C-46B0-A774-72453958380A}.Debug|Any CPU.Build.0 = Debug|Any CPU
		{61AA2CAE-623C-46B0-A774-72453958380A}.Release|Any CPU.ActiveCfg = Release|Any CPU
		{61AA2CAE-623C-46B0-A774-72453958380A}.Release|Any CPU.Build.0 = Release|Any CPU
	EndGlobalSection
	GlobalSection(SolutionProperties) = preSolution
		HideSolutionNode = FALSE
	EndGlobalSection
	GlobalSection(ExtensibilityGlobals) = postSolution
		SolutionGuid = {003CEF3A-0BB4-4EF7-9240-207214E35CB8}
	EndGlobalSection
EndGlobal
